PODS:
  - AFNetworking (2.0.3):
    - AFNetworking/NSURLConnection
    - AFNetworking/NSURLSession
    - AFNetworking/Reachability
    - AFNetworking/Security
    - AFNetworking/Serialization
    - AFNetworking/UIKit
  - AFNetworking/NSURLConnection (2.0.3):
    - AFNetworking/Reachability
    - AFNetworking/Security
    - AFNetworking/Serialization
  - AFNetworking/NSURLSession (2.0.3):
    - AFNetworking/NSURLConnection
  - AFNetworking/Reachability (2.0.3)
  - AFNetworking/Security (2.0.3)
  - AFNetworking/Serialization (2.0.3)
  - AFNetworking/UIKit (2.0.3):
    - AFNetworking/NSURLConnection
  - CocoaAsyncSocket (HEAD based on 7.3.5)
  - MBProgressHUD (0.9)
  - sonos-objc (0.1.1):
    - AFNetworking (= 2.0.3)
    - CocoaAsyncSocket (= 7.3.3)

DEPENDENCIES:
  - AFNetworking (~> 2.0)
  - CocoaAsyncSocket (HEAD)
  - MBProgressHUD (~> 0.8)
  - sonos-objc

SPEC CHECKSUMS:
  AFNetworking: a4d0e9a64de9242986620dafd1b3cee3b413ac5c
  CocoaAsyncSocket: 45bdbbc1c0a5ed0640ff4c42af325ba43a2f099a
  MBProgressHUD: 2038dbcf3dce73215abed6001657043d53aa79a8
  sonos-objc: c7cb1a5e0695c00ad50181db385773ccc815f8bc

COCOAPODS: 0.34.4
